
Microsoft Visual Studio Solution File, Format Version 12.00
# Visual Studio Version 17
VisualStudioVersion = 17.8.34408.163
MinimumVisualStudioVersion = 10.0.40219.1
Project("{FAE04EC0-301F-11D3-BF4B-00C04F79EFBC}") = "SolitaireDB", "SolitaireDB.csproj", "{FD456103-A37E-4BFE-9F15-5607D50E4579}"
EndProject
Global
	GlobalSection(SolutionConfigurationPlatforms) = preSolution
		Debug|Any CPU = Debug|Any CPU
		Release|Any CPU = Release|Any CPU
	EndGlobalSection
	GlobalSection(ProjectConfigurationPlatforms) = postSolution
		{FD456103-A37E-4BFE-9F15-5607D50E4579}.Debug|Any CPU.ActiveCfg = Debug|Any CPU
		{FD456103-A37E-4BFE-9F15-5607D50E4579}.Debug|Any CPU.Build.0 = Debug|Any CPU
		{FD456103-A37E-4BFE-9F15-5607D50E4579}.Release|Any CPU.ActiveCfg = Release|Any CPU
		{FD456103-A37E-4BFE-9F15-5607D50E4579}.Release|Any CPU.Build.0 = Release|Any CPU
	EndGlobalSection
	GlobalSection(SolutionProperties) = preSolution
		HideSolutionNode = FALSE
	EndGlobalSection
	GlobalSection(ExtensibilityGlobals) = postSolution
		SolutionGuid = {B1E14196-82D0-4B73-958C-F6782B58EF91}
	EndGlobalSection
EndGlobal
